# This file is automatically @generated by Cargo.
# It is not intended for manual editing.
version = 3

[[package]]
name = "bedrock_core"
version = "0.1.0"

[[package]]
name = "byteorder"
version = "1.5.0"
source = "registry+https://github.com/rust-lang/crates.io-index"
checksum = "1fd0f2584146f6f2ef48085050886acf353beff7305ebd1ae69500e27c67f64b"

[[package]]
name = "serialize"
version = "0.1.0"
dependencies = [
 "bedrock_core",
 "byteorder",
 "varint-rs",
]

[[package]]
name = "varint-rs"
version = "2.2.0"
source = "registry+https://github.com/rust-lang/crates.io-index"
checksum = "8f54a172d0620933a27a4360d3db3e2ae0dd6cceae9730751a036bbf182c4b23"
